Microsoft Visual Studio Solution File, Format Version 12.00
# Visual Studio Version 17
VisualStudioVersion = 17.5.2.0
MinimumVisualStudioVersion = 10.0.40219.1
Project("{FAE04EC0-301F-11D3-BF4B-00C04F79EFBC}") = "KnnLab", "KnnLab\KnnLab.csproj", "{92DDD99A-5E4E-50C8-736B-C1EFC2ED5715}"
EndProject
Global
	GlobalSection(SolutionConfigurationPlatforms) = preSolution
		Debug|Any CPU = Debug|Any CPU
		Release|Any CPU = Release|Any CPU
	EndGlobalSection
	GlobalSection(ProjectConfigurationPlatforms) = postSolution
		{92DDD99A-5E4E-50C8-736B-C1EFC2ED5715}.Debug|Any CPU.ActiveCfg = Debug|Any CPU
		{92DDD99A-5E4E-50C8-736B-C1EFC2ED5715}.Debug|Any CPU.Build.0 = Debug|Any CPU
		{92DDD99A-5E4E-50C8-736B-C1EFC2ED5715}.Release|Any CPU.ActiveCfg = Release|Any CPU
		{92DDD99A-5E4E-50C8-736B-C1EFC2ED5715}.Release|Any CPU.Build.0 = Release|Any CPU
	EndGlobalSection
	GlobalSection(SolutionProperties) = preSolution
		HideSolutionNode = FALSE
	EndGlobalSection
	GlobalSection(ExtensibilityGlobals) = postSolution
		SolutionGuid = {B656250F-11F2-44F3-ACDE-89CE2B9A6BAD}
	EndGlobalSection
EndGlobal
