
Microsoft Visual Studio Solution File, Format Version 12.00
Project("{FAE04EC0-301F-11D3-BF4B-00C04F79EFBC}") = "All-Required-Labs", "All-Required-Labs.csproj", "{4DCEB98C-0852-473B-9711-9AA9BD041A92}"
EndProject
Global
	GlobalSection(SolutionConfigurationPlatforms) = preSolution
		Debug|Any CPU = Debug|Any CPU
		Release|Any CPU = Release|Any CPU
	EndGlobalSection
	GlobalSection(ProjectConfigurationPlatforms) = postSolution
		{4DCEB98C-0852-473B-9711-9AA9BD041A92}.Debug|Any CPU.ActiveCfg = Debug|Any CPU
		{4DCEB98C-0852-473B-9711-9AA9BD041A92}.Debug|Any CPU.Build.0 = Debug|Any CPU
		{4DCEB98C-0852-473B-9711-9AA9BD041A92}.Release|Any CPU.ActiveCfg = Release|Any CPU
		{4DCEB98C-0852-473B-9711-9AA9BD041A92}.Release|Any CPU.Build.0 = Release|Any CPU
	EndGlobalSection
EndGlobal
